
Microsoft Visual Studio Solution File, Format Version 12.00
# Visual Studio 2015
Project("{FAE04EC0-301F-11D3-BF4B-00C04F79EFBC}") = "GAME3001_Shafique_Wahid_Proj_M2.CSharp", "GAME3001_Shafique_Wahid_Proj_M2.CSharp.csproj", "{C0B811A6-0A1D-DD66-F045-ACF28556CCEC}"
EndProject
Global
	GlobalSection(SolutionConfigurationPlatforms) = preSolution
		Debug|Any CPU = Debug|Any CPU
		Release|Any CPU = Release|Any CPU
	EndGlobalSection
	GlobalSection(ProjectConfigurationPlatforms) = postSolution
		{C0B811A6-0A1D-DD66-F045-ACF28556CCEC}.Debug|Any CPU.ActiveCfg = Debug|Any CPU
		{C0B811A6-0A1D-DD66-F045-ACF28556CCEC}.Debug|Any CPU.Build.0 = Debug|Any CPU
		{C0B811A6-0A1D-DD66-F045-ACF28556CCEC}.Release|Any CPU.ActiveCfg = Release|Any CPU
		{C0B811A6-0A1D-DD66-F045-ACF28556CCEC}.Release|Any CPU.Build.0 = Release|Any CPU
	EndGlobalSection
	GlobalSection(SolutionProperties) = preSolution
		HideSolutionNode = FALSE
	EndGlobalSection
EndGlobal
